// !$*UTF8*$!
{
	archiveVersion = 1;
	classes = {
	};
	objectVersion = 50;
	objects = {

/* Begin PBXBuildFile section */
		C201D4BE2729C30800A22914 /* AppDelegate.swift in Sources */ = {isa = PBXBuildFile; fileRef = C201D4BD2729C30800A22914 /* AppDelegate.swift */; };
		C201D4C02729C30800A22914 /* SceneDelegate.swift in Sources */ = {isa = PBXBuildFile; fileRef = C201D4BF2729C30800A22914 /* SceneDelegate.swift */; };
		C201D4C22729C30800A22914 /* ContentView.swift in Sources */ = {isa = PBXBuildFile; fileRef = C201D4C12729C30800A22914 /* ContentView.swift */; };
		C201D4C42729C30900A22914 /* Assets.xcassets in Resources */ = {isa = PBXBuildFile; fileRef = C201D4C32729C30900A22914 /* Assets.xcassets */; };
		C201D4C72729C30900A22914 /* Preview Assets.xcassets in Resources */ = {isa = PBXBuildFile; fileRef = C201D4C62729C30900A22914 /* Preview Assets.xcassets */; };
		C201D4CA2729C30900A22914 /* LaunchScreen.storyboard in Resources */ = {isa = PBXBuildFile; fileRef = C201D4C82729C30900A22914 /* LaunchScreen.storyboard */; };
		C201D4D52729C30900A22914 /* SocialMediaTests.swift in Sources */ = {isa = PBXBuildFile; fileRef = C201D4D42729C30900A22914 /* SocialMediaTests.swift */; };
		C201D4E02729C30900A22914 /* SocialMediaUITests.swift in Sources */ = {isa = PBXBuildFile; fileRef = C201D4DF2729C30900A22914 /* SocialMediaUITests.swift */; };
/* End PBXBuildFile section */

/* Begin PBXContainerItemProxy section */
		C201D4D12729C30900A22914 /* PBXContainerItemProxy */ = {
			isa = PBXContainerItemProxy;
			containerPortal = C201D4B22729C30800A22914 /* Project object */;
			proxyType = 1;
			remoteGlobalIDString = C201D4B92729C30800A22914;
			remoteInfo = SocialMedia;
		};
		C201D4DC2729C30900A22914 /* PBXContainerItemProxy */ = {
			isa = PBXContainerItemProxy;
			containerPortal = C201D4B22729C30800A22914 /* Project object */;
			proxyType = 1;
			remoteGlobalIDString = C201D4B92729C30800A22914;
			remoteInfo = SocialMedia;
		};
/* End PBXContainerItemProxy section */

/* Begin PBXFileReference section */
		C201D4BA2729C30800A22914 /* SocialMedia.app */ = {isa = PBXFileReference; explicitFileType = wrapper.application; includeInIndex = 0; path = SocialMedia.app; sourceTree = BUILT_PRODUCTS_DIR; };
		C201D4BD2729C30800A22914 /* AppDelegate.swift */ = {isa = PBXFileReference; lastKnownFileType = sourcecode.swift; path = AppDelegate.swift; sourceTree = "<group>"; };
		C201D4BF2729C30800A22914 /* SceneDelegate.swift */ = {isa = PBXFileReference; lastKnownFileType = sourcecode.swift; path = SceneDelegate.swift; sourceTree = "<group>"; };
		C201D4C12729C30800A22914 /* ContentView.swift */ = {isa = PBXFileReference; lastKnownFileType = sourcecode.swift; path = ContentView.swift; sourceTree = "<group>"; };
		C201D4C32729C30900A22914 /* Assets.xcassets */ = {isa = PBXFileReference; lastKnownFileType = folder.assetcatalog; path = Assets.xcassets; sourceTree = "<group>"; };
		C201D4C62729C30900A22914 /* Preview Assets.xcassets */ = {isa = PBXFileReference; lastKnownFileType = folder.assetcatalog; path = "Preview Assets.xcassets"; sourceTree = "<group>"; };
		C201D4C92729C30900A22914 /* Base */ = {isa = PBXFileReference; lastKnownFileType = file.storyboard; name = Base; path = Base.lproj/LaunchScreen.storyboard; sourceTree = "<group>"; };
		C201D4CB2729C30900A22914 /* Info.plist */ = {isa = PBXFileReference; lastKnownFileType = text.plist.xml; path = Info.plist; sourceTree = "<group>"; };
		C201D4D02729C30900A22914 /* SocialMediaTests.xctest */ = {isa = PBXFileReference; explicitFileType = wrapper.cfbundle; includeInIndex = 0; path = SocialMediaTests.xctest; sourceTree = BUILT_PRODUCTS_DIR; };
		C201D4D42729C30900A22914 /* SocialMediaTests.swift */ = {isa = PBXFileReference; lastKnownFileType = sourcecode.swift; path = SocialMediaTests.swift; sourceTree = "<group>"; };
		C201D4D62729C30900A22914 /* Info.plist */ = {isa = PBXFileReference; lastKnownFileType = text.plist.xml; path = Info.plist; sourceTree = "<group>"; };
		C201D4DB2729C30900A22914 /* SocialMediaUITests.xctest */ = {isa = PBXFileReference; explicitFileType = wrapper.cfbundle; includeInIndex = 0; path = SocialMediaUITests.xctest; sourceTree = BUILT_PRODUCTS_DIR; };
		C201D4DF2729C30900A22914 /* SocialMediaUITests.swift */ = {isa = PBXFileReference; lastKnownFileType = sourcecode.swift; path = SocialMediaUITests.swift; sourceTree = "<group>"; };
		C201D4E12729C30900A22914 /* Info.plist */ = {isa = PBXFileReference; lastKnownFileType = text.plist.xml; path = Info.plist; sourceTree = "<group>"; };
/* End PBXFileReference section */

/* Begin PBXFrameworksBuildPhase section */
		C201D4B72729C30800A22914 /* Frameworks */ = {
			isa = PBXFrameworksBuildPhase;
			buildActionMask = 2147483647;
			files = (
			);
			runOnlyForDeploymentPostprocessing = 0;
		};
		C201D4CD2729C30900A22914 /* Frameworks */ = {
			isa = PBXFrameworksBuildPhase;
			buildActionMask = 2147483647;
			files = (
			);
			runOnlyForDeploymentPostprocessing = 0;
		};
		C201D4D82729C30900A22914 /* Frameworks */ = {
			isa = PBXFrameworksBuildPhase;
			buildActionMask = 2147483647;
			files = (
			);
			runOnlyForDeploymentPostprocessing = 0;
		};
/* End PBXFrameworksBuildPhase section */

/* Begin PBXGroup section */
		C201D4B12729C30800A22914 = {
			isa = PBXGroup;
			children = (
				C201D4BC2729C30800A22914 /* SocialMedia */,
				C201D4D32729C30900A22914 /* SocialMediaTests */,
				C201D4DE2729C30900A22914 /* SocialMediaUITests */,
				C201D4BB2729C30800A22914 /* Products */,
			);
			sourceTree = "<group>";
		};
		C201D4BB2729C30800A22914 /* Products */ = {
			isa = PBXGroup;
			children = (
				C201D4BA2729C30800A22914 /* SocialMedia.app */,
				C201D4D02729C30900A22914 /* SocialMediaTests.xctest */,
				C201D4DB2729C30900A22914 /* SocialMediaUITests.xctest */,
			);
			name = Products;
			sourceTree = "<group>";
		};
		C201D4BC2729C30800A22914 /* SocialMedia */ = {
			isa = PBXGroup;
			children = (
				C201D4BD2729C30800A22914 /* AppDelegate.swift */,
				C201D4BF2729C30800A22914 /* SceneDelegate.swift */,
				C201D4C12729C30800A22914 /* ContentView.swift */,
				C201D4C32729C30900A22914 /* Assets.xcassets */,
				C201D4C82729C30900A22914 /* LaunchScreen.storyboard */,
				C201D4CB2729C30900A22914 /* Info.plist */,
				C201D4C52729C30900A22914 /* Preview Content */,
			);
			path = SocialMedia;
			sourceTree = "<group>";
		};
		C201D4C52729C30900A22914 /* Preview Content */ = {
			isa = PBXGroup;
			children = (
				C201D4C62729C30900A22914 /* Preview Assets.xcassets */,
			);
			path = "Preview Content";
			sourceTree = "<group>";
		};
		C201D4D32729C30900A22914 /* SocialMediaTests */ = {
			isa = PBXGroup;
			children = (
				C201D4D42729C30900A22914 /* SocialMediaTests.swift */,
				C201D4D62729C30900A22914 /* Info.plist */,
			);
			path = SocialMediaTests;
			sourceTree = "<group>";
		};
		C201D4DE2729C30900A22914 /* SocialMediaUITests */ = {
			isa = PBXGroup;
			children = (
				C201D4DF2729C30900A22914 /* SocialMediaUITests.swift */,
				C201D4E12729C30900A22914 /* Info.plist */,
			);
			path = SocialMediaUITests;
			sourceTree = "<group>";
		};
/* End PBXGroup section */

/* Begin PBXNativeTarget section */
		C201D4B92729C30800A22914 /* SocialMedia */ = {
			isa = PBXNativeTarget;
			buildConfigurationList = C201D4E42729C30900A22914 /* Build configuration list for PBXNativeTarget "SocialMedia" */;
			buildPhases = (
				C201D4B62729C30800A22914 /* Sources */,
				C201D4B72729C30800A22914 /* Frameworks */,
				C201D4B82729C30800A22914 /* Resources */,
			);
			buildRules = (
			);
			dependencies = (
			);
			name = SocialMedia;
			productName = SocialMedia;
			productReference = C201D4BA2729C30800A22914 /* SocialMedia.app */;
			productType = "com.apple.product-type.application";
		};
		C201D4CF2729C30900A22914 /* SocialMediaTests */ = {
			isa = PBXNativeTarget;
			buildConfigurationList = C201D4E72729C30900A22914 /* Build configuration list for PBXNativeTarget "SocialMediaTests" */;
			buildPhases = (
				C201D4CC2729C30900A22914 /* Sources */,
				C201D4CD2729C30900A22914 /* Frameworks */,
				C201D4CE2729C30900A22914 /* Resources */,
			);
			buildRules = (
			);
			dependencies = (
				C201D4D22729C30900A22914 /* PBXTargetDependency */,
			);
			name = SocialMediaTests;
			productName = SocialMediaTests;
			productReference = C201D4D02729C30900A22914 /* SocialMediaTests.xctest */;
			productType = "com.apple.product-type.bundle.unit-test";
		};
		C201D4DA2729C30900A22914 /* SocialMediaUITests */ = {
			isa = PBXNativeTarget;
			buildConfigurationList = C201D4EA2729C30900A22914 /* Build configuration list for PBXNativeTarget "SocialMediaUITests" */;
			buildPhases = (
				C201D4D72729C30900A22914 /* Sources */,
				C201D4D82729C30900A22914 /* Frameworks */,
				C201D4D92729C30900A22914 /* Resources */,
			);
			buildRules = (
			);
			dependencies = (
				C201D4DD2729C30900A22914 /* PBXTargetDependency */,
			);
			name = SocialMediaUITests;
			productName = SocialMediaUITests;
			productReference = C201D4DB2729C30900A22914 /* SocialMediaUITests.xctest */;
			productType = "com.apple.product-type.bundle.ui-testing";
		};
/* End PBXNativeTarget section */

/* Begin PBXProject section */
		C201D4B22729C30800A22914 /* Project object */ = {
			isa = PBXProject;
			attributes = {
				LastSwiftUpdateCheck = 1250;
				LastUpgradeCheck = 1250;
				TargetAttributes = {
					C201D4B92729C30800A22914 = {
						CreatedOnToolsVersion = 12.5.1;
					};
					C201D4CF2729C30900A22914 = {
						CreatedOnToolsVersion = 12.5.1;
						TestTargetID = C201D4B92729C30800A22914;
					};
					C201D4DA2729C30900A22914 = {
						CreatedOnToolsVersion = 12.5.1;
						TestTargetID = C201D4B92729C30800A22914;
					};
				};
			};
			buildConfigurationList = C201D4B52729C30800A22914 /* Build configuration list for PBXProject "SocialMedia" */;
			compatibilityVersion = "Xcode 9.3";
			developmentRegion = en;
			hasScannedForEncodings = 0;
			knownRegions = (
				en,
				Base,
			);
			mainGroup = C201D4B12729C30800A22914;
			productRefGroup = C201D4BB2729C30800A22914 /* Products */;
			projectDirPath = "";
			projectRoot = "";
			targets = (
				C201D4B92729C30800A22914 /* SocialMedia */,
				C201D4CF2729C30900A22914 /* SocialMediaTests */,
				C201D4DA2729C30900A22914 /* SocialMediaUITests */,
			);
		};
/* End PBXProject section */

/* Begin PBXResourcesBuildPhase section */
		C201D4B82729C30800A22914 /* Resources */ = {
			isa = PBXResourcesBuildPhase;
			buildActionMask = 2147483647;
			files = (
				C201D4CA2729C30900A22914 /* LaunchScreen.storyboard in Resources */,
				C201D4C72729C30900A22914 /* Preview Assets.xcassets in Resources */,
				C201D4C42729C30900A22914 /* Assets.xcassets in Resources */,
			);
			runOnlyForDeploymentPostprocessing = 0;
		};
		C201D4CE2729C30900A22914 /* Resources */ = {
			isa = PBXResourcesBuildPhase;
			buildActionMask = 2147483647;
			files = (
			);
			runOnlyForDeploymentPostprocessing = 0;
		};
		C201D4D92729C30900A22914 /* Resources */ = {
			isa = PBXResourcesBuildPhase;
			buildActionMask = 2147483647;
			files = (
			);
			runOnlyForDeploymentPostprocessing = 0;
		};
/* End PBXResourcesBuildPhase section */

/* Begin PBXSourcesBuildPhase section */
		C201D4B62729C30800A22914 /* Sources */ = {
			isa = PBXSourcesBuildPhase;
			buildActionMask = 2147483647;
			files = (
				C201D4BE2729C30800A22914 /* AppDelegate.swift in Sources */,
				C201D4C02729C30800A22914 /* SceneDelegate.swift in Sources */,
				C201D4C22729C30800A22914 /* ContentView.swift in Sources */,
			);
			runOnlyForDeploymentPostprocessing = 0;
		};
		C201D4CC2729C30900A22914 /* Sources */ = {
			isa = PBXSourcesBuildPhase;
			buildActionMask = 2147483647;
			files = (
				C201D4D52729C30900A22914 /* SocialMediaTests.swift in Sources */,
			);
			runOnlyForDeploymentPostprocessing = 0;
		};
		C201D4D72729C30900A22914 /* Sources */ = {
			isa = PBXSourcesBuildPhase;
			buildActionMask = 2147483647;
			files = (
				C201D4E02729C30900A22914 /* SocialMediaUITests.swift in Sources */,
			);
			runOnlyForDeploymentPostprocessing = 0;
		};
/* End PBXSourcesBuildPhase section */

/* Begin PBXTargetDependency section */
		C201D4D22729C30900A22914 /* PBXTargetDependency */ = {
			isa = PBXTargetDependency;
			target = C201D4B92729C30800A22914 /* SocialMedia */;
			targetProxy = C201D4D12729C30900A22914 /* PBXContainerItemProxy */;
		};
		C201D4DD2729C30900A22914 /* PBXTargetDependency */ = {
			isa = PBXTargetDependency;
			target = C201D4B92729C30800A22914 /* SocialMedia */;
			targetProxy = C201D4DC2729C30900A22914 /* PBXContainerItemProxy */;
		};
/* End PBXTargetDependency section */

/* Begin PBXVariantGroup section */
		C201D4C82729C30900A22914 /* LaunchScreen.storyboard */ = {
			isa = PBXVariantGroup;
			children = (
				C201D4C92729C30900A22914 /* Base */,
			);
			name = LaunchScreen.storyboard;
			sourceTree = "<group>";
		};
/* End PBXVariantGroup section */

/* Begin XCBuildConfiguration section */
		C201D4E22729C30900A22914 /* Debug */ = {
			isa = XCBuildConfiguration;
			buildSettings = {
				ALWAYS_SEARCH_USER_PATHS = NO;
				CLANG_ANALYZER_NONNULL = YES;
				CLANG_ANALYZER_NUMBER_OBJECT_CONVERSION = YES_AGGRESSIVE;
				CLANG_CXX_LANGUAGE_STANDARD = "gnu++14";
				CLANG_CXX_LIBRARY = "libc++";
				CLANG_ENABLE_MODULES = YES;
				CLANG_ENABLE_OBJC_ARC = YES;
				CLANG_ENABLE_OBJC_WEAK = YES;
				CLANG_WARN_BLOCK_CAPTURE_AUTORELEASING = YES;
				CLANG_WARN_BOOL_CONVERSION = YES;
				CLANG_WARN_COMMA = YES;
				CLANG_WARN_CONSTANT_CONVERSION = YES;
				CLANG_WARN_DEPRECATED_OBJC_IMPLEMENTATIONS = YES;
				CLANG_WARN_DIRECT_OBJC_ISA_USAGE = YES_ERROR;
				CLANG_WARN_DOCUMENTATION_COMMENTS = YES;
				CLANG_WARN_EMPTY_BODY = YES;
				CLANG_WARN_ENUM_CONVERSION = YES;
				CLANG_WARN_INFINITE_RECURSION = YES;
				CLANG_WARN_INT_CONVERSION = YES;
				CLANG_WARN_NON_LITERAL_NULL_CONVERSION = YES;
				CLANG_WARN_OBJC_IMPLICIT_RETAIN_SELF = YES;
				CLANG_WARN_OBJC_LITERAL_CONVERSION = YES;
				CLANG_WARN_OBJC_ROOT_CLASS = YES_ERROR;
				CLANG_WARN_QUOTED_INCLUDE_IN_FRAMEWORK_HEADER = YES;
				CLANG_WARN_RANGE_LOOP_ANALYSIS = YES;
				CLANG_WARN_STRICT_PROTOTYPES = YES;
				CLANG_WARN_SUSPICIOUS_MOVE = YES;
				CLANG_WARN_UNGUARDED_AVAILABILITY = YES_AGGRESSIVE;
				CLANG_WARN_UNREACHABLE_CODE = YES;
				CLANG_WARN__DUPLICATE_METHOD_MATCH = YES;
				COPY_PHASE_STRIP = NO;
				DEBUG_INFORMATION_FORMAT = dwarf;
				ENABLE_STRICT_OBJC_MSGSEND = YES;
				ENABLE_TESTABILITY = YES;
				GCC_C_LANGUAGE_STANDARD = gnu11;
				GCC_DYNAMIC_NO_PIC = NO;
				GCC_NO_COMMON_BLOCKS = YES;
				GCC_OPTIMIZATION_LEVEL = 0;
				GCC_PREPROCESSOR_DEFINITIONS = (
					"DEBUG=1",
					"$(inherited)",
				);
				GCC_WARN_64_TO_32_BIT_CONVERSION = YES;
				GCC_WARN_ABOUT_RETURN_TYPE = YES_ERROR;
				GCC_WARN_UNDECLARED_SELECTOR = YES;
				GCC_WARN_UNINITIALIZED_AUTOS = YES_AGGRESSIVE;
				GCC_WARN_UNUSED_FUNCTION = YES;
				GCC_WARN_UNUSED_VARIABLE = YES;
				IPHONEOS_DEPLOYMENT_TARGET = 14.5;
				MTL_ENABLE_DEBUG_INFO = INCLUDE_SOURCE;
				MTL_FAST_MATH = YES;
				ONLY_ACTIVE_ARCH = YES;
				SDKROOT = iphoneos;
				SWIFT_ACTIVE_COMPILATION_CONDITIONS = DEBUG;
				SWIFT_OPTIMIZATION_LEVEL = "-Onone";
			};
			name = Debug;
		};
		C201D4E32729C30900A22914 /* Release */ = {
			isa = XCBuildConfiguration;
			buildSettings = {
				ALWAYS_SEARCH_USER_PATHS = NO;
				CLANG_ANALYZER_NONNULL = YES;
				CLANG_ANALYZER_NUMBER_OBJECT_CONVERSION = YES_AGGRESSIVE;
				CLANG_CXX_LANGUAGE_STANDARD = "gnu++14";
				CLANG_CXX_LIBRARY = "libc++";
				CLANG_ENABLE_MODULES = YES;
				CLANG_ENABLE_OBJC_ARC = YES;
				CLANG_ENABLE_OBJC_WEAK = YES;
				CLANG_WARN_BLOCK_CAPTURE_AUTORELEASING = YES;
				CLANG_WARN_BOOL_CONVERSION = YES;
				CLANG_WARN_COMMA = YES;
				CLANG_WARN_CONSTANT_CONVERSION = YES;
				CLANG_WARN_DEPRECATED_OBJC_IMPLEMENTATIONS = YES;
				CLANG_WARN_DIRECT_OBJC_ISA_USAGE = YES_ERROR;
				CLANG_WARN_DOCUMENTATION_COMMENTS = YES;
				CLANG_WARN_EMPTY_BODY = YES;
				CLANG_WARN_ENUM_CONVERSION = YES;
				CLANG_WARN_INFINITE_RECURSION = YES;
				CLANG_WARN_INT_CONVERSION = YES;
				CLANG_WARN_NON_LITERAL_NULL_CONVERSION = YES;
				CLANG_WARN_OBJC_IMPLICIT_RETAIN_SELF = YES;
				CLANG_WARN_OBJC_LITERAL_CONVERSION = YES;
				CLANG_WARN_OBJC_ROOT_CLASS = YES_ERROR;
				CLANG_WARN_QUOTED_INCLUDE_IN_FRAMEWORK_HEADER = YES;
				CLANG_WARN_RANGE_LOOP_ANALYSIS = YES;
				CLANG_WARN_STRICT_PROTOTYPES = YES;
				CLANG_WARN_SUSPICIOUS_MOVE = YES;
				CLANG_WARN_UNGUARDED_AVAILABILITY = YES_AGGRESSIVE;
				CLANG_WARN_UNREACHABLE_CODE = YES;
				CLANG_WARN__DUPLICATE_METHOD_MATCH = YES;
				COPY_PHASE_STRIP = NO;
				DEBUG_INFORMATION_FORMAT = "dwarf-with-dsym";
				ENABLE_NS_ASSERTIONS = NO;
				ENABLE_STRICT_OBJC_MSGSEND = YES;
				GCC_C_LANGUAGE_STANDARD = gnu11;
				GCC_NO_COMMON_BLOCKS = YES;
				GCC_WARN_64_TO_32_BIT_CONVERSION = YES;
				GCC_WARN_ABOUT_RETURN_TYPE = YES_ERROR;
				GCC_WARN_UNDECLARED_SELECTOR = YES;
				GCC_WARN_UNINITIALIZED_AUTOS = YES_AGGRESSIVE;
				GCC_WARN_UNUSED_FUNCTION = YES;
				GCC_WARN_UNUSED_VARIABLE = YES;
				IPHONEOS_DEPLOYMENT_TARGET = 14.5;
				MTL_ENABLE_DEBUG_INFO = NO;
				MTL_FAST_MATH = YES;
				SDKROOT = iphoneos;
				SWIFT_COMPILATION_MODE = wholemodule;
				SWIFT_OPTIMIZATION_LEVEL = "-O";
				VALIDATE_PRODUCT = YES;
			};
			name = Release;
		};
		C201D4E52729C30900A22914 /* Debug */ = {
			isa = XCBuildConfiguration;
			buildSettings = {
				ASSETCATALOG_COMPILER_APPICON_NAME = AppIcon;
				ASSETCATALOG_COMPILER_GLOBAL_ACCENT_COLOR_NAME = AccentColor;
				CODE_SIGN_STYLE = Automatic;
				DEVELOPMENT_ASSET_PATHS = "\"SocialMedia/Preview Content\"";
				DEVELOPMENT_TEAM = MFUZBPAEPA;
				ENABLE_PREVIEWS = YES;
				INFOPLIST_FILE = SocialMedia/Info.plist;
				LD_RUNPATH_SEARCH_PATHS = (
					"$(inherited)",
					"@executable_path/Frameworks",
				);
				PRODUCT_BUNDLE_IDENTIFIER = KhadimHussain.SocialMedia;
				PRODUCT_NAME = "$(TARGET_NAME)";
				SWIFT_VERSION = 5.0;
				TARGETED_DEVICE_FAMILY = "1,2";
			};
			name = Debug;
		};
		C201D4E62729C30900A22914 /* Release */ = {
			isa = XCBuildConfiguration;
			buildSettings = {
				ASSETCATALOG_COMPILER_APPICON_NAME = AppIcon;
				ASSETCATALOG_COMPILER_GLOBAL_ACCENT_COLOR_NAME = AccentColor;
				CODE_SIGN_STYLE = Automatic;
				DEVELOPMENT_ASSET_PATHS = "\"SocialMedia/Preview Content\"";
				DEVELOPMENT_TEAM = MFUZBPAEPA;
				ENABLE_PREVIEWS = YES;
				INFOPLIST_FILE = SocialMedia/Info.plist;
				LD_RUNPATH_SEARCH_PATHS = (
					"$(inherited)",
					"@executable_path/Frameworks",
				);
				PRODUCT_BUNDLE_IDENTIFIER = KhadimHussain.SocialMedia;
				PRODUCT_NAME = "$(TARGET_NAME)";
				SWIFT_VERSION = 5.0;
				TARGETED_DEVICE_FAMILY = "1,2";
			};
			name = Release;
		};
		C201D4E82729C30900A22914 /* Debug */ = {
			isa = XCBuildConfiguration;
			buildSettings = {
				ALWAYS_EMBED_SWIFT_STANDARD_LIBRARIES = YES;
				BUNDLE_LOADER = "$(TEST_HOST)";
				CODE_SIGN_STYLE = Automatic;
				DEVELOPMENT_TEAM = MFUZBPAEPA;
				INFOPLIST_FILE = SocialMediaTests/Info.plist;
				IPHONEOS_DEPLOYMENT_TARGET = 14.5;
				LD_RUNPATH_SEARCH_PATHS = (
					"$(inherited)",
					"@executable_path/Frameworks",
					"@loader_path/Frameworks",
				);
				PRODUCT_BUNDLE_IDENTIFIER = KhadimHussain.SocialMediaTests;
				PRODUCT_NAME = "$(TARGET_NAME)";
				SWIFT_VERSION = 5.0;
				TARGETED_DEVICE_FAMILY = "1,2";
				TEST_HOST = "$(BUILT_PRODUCTS_DIR)/SocialMedia.app/SocialMedia";
			};
			name = Debug;
		};
		C201D4E92729C30900A22914 /* Release */ = {
			isa = XCBuildConfiguration;
			buildSettings = {
				ALWAYS_EMBED_SWIFT_STANDARD_LIBRARIES = YES;
				BUNDLE_LOADER = "$(TEST_HOST)";
				CODE_SIGN_STYLE = Automatic;
				DEVELOPMENT_TEAM = MFUZBPAEPA;
				INFOPLIST_FILE = SocialMediaTests/Info.plist;
				IPHONEOS_DEPLOYMENT_TARGET = 14.5;
				LD_RUNPATH_SEARCH_PATHS = (
					"$(inherited)",
					"@executable_path/Frameworks",
					"@loader_path/Frameworks",
				);
				PRODUCT_BUNDLE_IDENTIFIER = KhadimHussain.SocialMediaTests;
				PRODUCT_NAME = "$(TARGET_NAME)";
				SWIFT_VERSION = 5.0;
				TARGETED_DEVICE_FAMILY = "1,2";
				TEST_HOST = "$(BUILT_PRODUCTS_DIR)/SocialMedia.app/SocialMedia";
			};
			name = Release;
		};
		C201D4EB2729C30900A22914 /* Debug */ = {
			isa = XCBuildConfiguration;
			buildSettings = {
				ALWAYS_EMBED_SWIFT_STANDARD_LIBRARIES = YES;
				CODE_SIGN_STYLE = Automatic;
				DEVELOPMENT_TEAM = MFUZBPAEPA;
				INFOPLIST_FILE = SocialMediaUITests/Info.plist;
				LD_RUNPATH_SEARCH_PATHS = (
					"$(inherited)",
					"@executable_path/Frameworks",
					"@loader_path/Frameworks",
				);
				PRODUCT_BUNDLE_IDENTIFIER = KhadimHussain.SocialMediaUITests;
				PRODUCT_NAME = "$(TARGET_NAME)";
				SWIFT_VERSION = 5.0;
				TARGETED_DEVICE_FAMILY = "1,2";
				TEST_TARGET_NAME = SocialMedia;
			};
			name = Debug;
		};
		C201D4EC2729C30900A22914 /* Release */ = {
			isa = XCBuildConfiguration;
			buildSettings = {
				ALWAYS_EMBED_SWIFT_STANDARD_LIBRARIES = YES;
				CODE_SIGN_STYLE = Automatic;
				DEVELOPMENT_TEAM = MFUZBPAEPA;
				INFOPLIST_FILE = SocialMediaUITests/Info.plist;
				LD_RUNPATH_SEARCH_PATHS = (
					"$(inherited)",
					"@executable_path/Frameworks",
					"@loader_path/Frameworks",
				);
				PRODUCT_BUNDLE_IDENTIFIER = KhadimHussain.SocialMediaUITests;
				PRODUCT_NAME = "$(TARGET_NAME)";
				SWIFT_VERSION = 5.0;
				TARGETED_DEVICE_FAMILY = "1,2";
				TEST_TARGET_NAME = SocialMedia;
			};
			name = Release;
		};
/* End XCBuildConfiguration section */

/* Begin XCConfigurationList section */
		C201D4B52729C30800A22914 /* Build configuration list for PBXProject "SocialMedia" */ = {
			isa = XCConfigurationList;
			buildConfigurations = (
				C201D4E22729C30900A22914 /* Debug */,
				C201D4E32729C30900A22914 /* Release */,
			);
			defaultConfigurationIsVisible = 0;
			defaultConfigurationName = Release;
		};
		C201D4E42729C30900A22914 /* Build configuration list for PBXNativeTarget "SocialMedia" */ = {
			isa = XCConfigurationList;
			buildConfigurations = (
				C201D4E52729C30900A22914 /* Debug */,
				C201D4E62729C30900A22914 /* Release */,
			);
			defaultConfigurationIsVisible = 0;
			defaultConfigurationName = Release;
		};
		C201D4E72729C30900A22914 /* Build configuration list for PBXNativeTarget "SocialMediaTests" */ = {
			isa = XCConfigurationList;
			buildConfigurations = (
				C201D4E82729C30900A22914 /* Debug */,
				C201D4E92729C30900A22914 /* Release */,
			);
			defaultConfigurationIsVisible = 0;
			defaultConfigurationName = Release;
		};
		C201D4EA2729C30900A22914 /* Build configuration list for PBXNativeTarget "SocialMediaUITests" */ = {
			isa = XCConfigurationList;
			buildConfigurations = (
				C201D4EB2729C30900A22914 /* Debug */,
				C201D4EC2729C30900A22914 /* Release */,
			);
			defaultConfigurationIsVisible = 0;
			defaultConfigurationName = Release;
		};
/* End XCConfigurationList section */
	};
	rootObject = C201D4B22729C30800A22914 /* Project object */;
}
